
Microsoft Visual Studio Solution File, Format Version 12.00
# Visual Studio Version 17
VisualStudioVersion = 17.12.35514.174 d17.12
MinimumVisualStudioVersion = 10.0.40219.1
Project("{FAE04EC0-301F-11D3-BF4B-00C04F79EFBC}") = "DrugPrevention.BusinessObject.Shared.Models.SE182661", "DrugPrevention.BusinessObject.Shared.Models.SE182661\DrugPrevention.BusinessObject.Shared.Models.SE182661.csproj", "{F0F77FB5-4E3B-4499-8B5F-5787CC2CFB40}"
EndProject
Project("{FAE04EC0-301F-11D3-BF4B-00C04F79EFBC}") = "DrugPrevetion.Common.Shared.SE182661", "DrugPrevetion.Common.Shared.SE182661\DrugPrevetion.Common.Shared.SE182661.csproj", "{7E29AD70-3CEA-4A06-A8AC-800C67DFBA4B}"
EndProject
Project("{FAE04EC0-301F-11D3-BF4B-00C04F79EFBC}") = "DrugPrevetion.OcelotAPIGateway.SE182661", "DrugPrevetion.OcelotAPIGateway.SE182661\DrugPrevetion.OcelotAPIGateway.SE182661.csproj", "{0356102C-7423-4C03-99BB-20F5035FF52D}"
EndProject
Project("{FAE04EC0-301F-11D3-BF4B-00C04F79EFBC}") = "Microservices.CourseDuyenCTT.SE182661", "Microservices.CourseDuyenCTT.SE182661\Microservices.CourseDuyenCTT.SE182661.csproj", "{5DADC220-28BD-4D86-9C74-8DC94A5D92FC}"
EndProject
Project("{FAE04EC0-301F-11D3-BF4B-00C04F79EFBC}") = "CourseEnrollmentDuyenCTT.Microservices.SE182661", "CourseEnrollmentDuyenCTT.Microservices.SE182661\CourseEnrollmentDuyenCTT.Microservices.SE182661.csproj", "{18D1DF04-8ABD-4E41-9FF0-D0AF8707B637}"
EndProject
Global
	GlobalSection(SolutionConfigurationPlatforms) = preSolution
		Debug|Any CPU = Debug|Any CPU
		Release|Any CPU = Release|Any CPU
	EndGlobalSection
	GlobalSection(ProjectConfigurationPlatforms) = postSolution
		{F0F77FB5-4E3B-4499-8B5F-5787CC2CFB40}.Debug|Any CPU.ActiveCfg = Debug|Any CPU
		{F0F77FB5-4E3B-4499-8B5F-5787CC2CFB40}.Debug|Any CPU.Build.0 = Debug|Any CPU
		{F0F77FB5-4E3B-4499-8B5F-5787CC2CFB40}.Release|Any CPU.ActiveCfg = Release|Any CPU
		{F0F77FB5-4E3B-4499-8B5F-5787CC2CFB40}.Release|Any CPU.Build.0 = Release|Any CPU
		{7E29AD70-3CEA-4A06-A8AC-800C67DFBA4B}.Debug|Any CPU.ActiveCfg = Debug|Any CPU
		{7E29AD70-3CEA-4A06-A8AC-800C67DFBA4B}.Debug|Any CPU.Build.0 = Debug|Any CPU
		{7E29AD70-3CEA-4A06-A8AC-800C67DFBA4B}.Release|Any CPU.ActiveCfg = Release|Any CPU
		{7E29AD70-3CEA-4A06-A8AC-800C67DFBA4B}.Release|Any CPU.Build.0 = Release|Any CPU
		{0356102C-7423-4C03-99BB-20F5035FF52D}.Debug|Any CPU.ActiveCfg = Debug|Any CPU
		{0356102C-7423-4C03-99BB-20F5035FF52D}.Debug|Any CPU.Build.0 = Debug|Any CPU
		{0356102C-7423-4C03-99BB-20F5035FF52D}.Release|Any CPU.ActiveCfg = Release|Any CPU
		{0356102C-7423-4C03-99BB-20F5035FF52D}.Release|Any CPU.Build.0 = Release|Any CPU
		{5DADC220-28BD-4D86-9C74-8DC94A5D92FC}.Debug|Any CPU.ActiveCfg = Debug|Any CPU
		{5DADC220-28BD-4D86-9C74-8DC94A5D92FC}.Debug|Any CPU.Build.0 = Debug|Any CPU
		{5DADC220-28BD-4D86-9C74-8DC94A5D92FC}.Release|Any CPU.ActiveCfg = Release|Any CPU
		{5DADC220-28BD-4D86-9C74-8DC94A5D92FC}.Release|Any CPU.Build.0 = Release|Any CPU
		{18D1DF04-8ABD-4E41-9FF0-D0AF8707B637}.Debug|Any CPU.ActiveCfg = Debug|Any CPU
		{18D1DF04-8ABD-4E41-9FF0-D0AF8707B637}.Debug|Any CPU.Build.0 = Debug|Any CPU
		{18D1DF04-8ABD-4E41-9FF0-D0AF8707B637}.Release|Any CPU.ActiveCfg = Release|Any CPU
		{18D1DF04-8ABD-4E41-9FF0-D0AF8707B637}.Release|Any CPU.Build.0 = Release|Any CPU
	EndGlobalSection
	GlobalSection(SolutionProperties) = preSolution
		HideSolutionNode = FALSE
	EndGlobalSection
EndGlobal
